
Microsoft Visual Studio Solution File, Format Version 12.00
# Visual Studio Version 17
VisualStudioVersion = 17.5.33627.172
MinimumVisualStudioVersion = 10.0.40219.1
Project("{9A19103F-16F7-4668-BE54-9A1E7A4F7556}") = "SocketClient", "SocketClient\SocketClient.csproj", "{315AFCA7-9729-46CE-9C87-4C4019EF4B7F}"
EndProject
Project("{9A19103F-16F7-4668-BE54-9A1E7A4F7556}") = "SocketClientAgent", "SocketClientAgent\SocketClientAgent.csproj", "{C3241EBF-4950-4C07-9BAF-2B10A003C2FA}"
EndProject
Project("{9A19103F-16F7-4668-BE54-9A1E7A4F7556}") = "ServerAllInOne", "ServerAllInOne\ServerAllInOne.csproj", "{3E87C2C8-783C-4CF2-815F-4DB5FC3DFCB5}"
EndProject
Project("{2150E333-8FDC-42A3-9474-1A3956D46DE8}") = "解决方案项", "解决方案项", "{EECBDA7C-23B2-4D44-B064-68230451A3FE}"
	ProjectSection(SolutionItems) = preProject
		README.md = README.md
	EndProjectSection
EndProject
Project("{FAE04EC0-301F-11D3-BF4B-00C04F79EFBC}") = "SqlSugar.CodeBuilder", "SqlSugar.CodeBuilder\SqlSugar.CodeBuilder.csproj", "{4B64FEA5-19C5-479B-BCB3-02CB94996B4B}"
EndProject
Global
	GlobalSection(SolutionConfigurationPlatforms) = preSolution
		Debug|Any CPU = Debug|Any CPU
		Release|Any CPU = Release|Any CPU
	EndGlobalSection
	GlobalSection(ProjectConfigurationPlatforms) = postSolution
		{315AFCA7-9729-46CE-9C87-4C4019EF4B7F}.Debug|Any CPU.ActiveCfg = Debug|Any CPU
		{315AFCA7-9729-46CE-9C87-4C4019EF4B7F}.Debug|Any CPU.Build.0 = Debug|Any CPU
		{315AFCA7-9729-46CE-9C87-4C4019EF4B7F}.Release|Any CPU.ActiveCfg = Release|Any CPU
		{315AFCA7-9729-46CE-9C87-4C4019EF4B7F}.Release|Any CPU.Build.0 = Release|Any CPU
		{C3241EBF-4950-4C07-9BAF-2B10A003C2FA}.Debug|Any CPU.ActiveCfg = Debug|Any CPU
		{C3241EBF-4950-4C07-9BAF-2B10A003C2FA}.Debug|Any CPU.Build.0 = Debug|Any CPU
		{C3241EBF-4950-4C07-9BAF-2B10A003C2FA}.Release|Any CPU.ActiveCfg = Release|Any CPU
		{C3241EBF-4950-4C07-9BAF-2B10A003C2FA}.Release|Any CPU.Build.0 = Release|Any CPU
		{3E87C2C8-783C-4CF2-815F-4DB5FC3DFCB5}.Debug|Any CPU.ActiveCfg = Debug|Any CPU
		{3E87C2C8-783C-4CF2-815F-4DB5FC3DFCB5}.Debug|Any CPU.Build.0 = Debug|Any CPU
		{3E87C2C8-783C-4CF2-815F-4DB5FC3DFCB5}.Release|Any CPU.ActiveCfg = Release|Any CPU
		{3E87C2C8-783C-4CF2-815F-4DB5FC3DFCB5}.Release|Any CPU.Build.0 = Release|Any CPU
		{4B64FEA5-19C5-479B-BCB3-02CB94996B4B}.Debug|Any CPU.ActiveCfg = Debug|Any CPU
		{4B64FEA5-19C5-479B-BCB3-02CB94996B4B}.Debug|Any CPU.Build.0 = Debug|Any CPU
		{4B64FEA5-19C5-479B-BCB3-02CB94996B4B}.Release|Any CPU.ActiveCfg = Release|Any CPU
		{4B64FEA5-19C5-479B-BCB3-02CB94996B4B}.Release|Any CPU.Build.0 = Release|Any CPU
	EndGlobalSection
	GlobalSection(SolutionProperties) = preSolution
		HideSolutionNode = FALSE
	EndGlobalSection
	GlobalSection(ExtensibilityGlobals) = postSolution
		SolutionGuid = {6512B412-46DF-4393-844E-45FD04CC2524}
	EndGlobalSection
EndGlobal
