
Microsoft Visual Studio Solution File, Format Version 12.00
# Visual Studio Version 17
VisualStudioVersion = 17.5.33627.172
MinimumVisualStudioVersion = 10.0.40219.1
Project("{9A19103F-16F7-4668-BE54-9A1E7A4F7556}") = "ServerAllInOne", "v1.0\ServerAllInOne\ServerAllInOne.csproj", "{3E87C2C8-783C-4CF2-815F-4DB5FC3DFCB5}"
EndProject
Project("{2150E333-8FDC-42A3-9474-1A3956D46DE8}") = "解决方案项", "解决方案项", "{EECBDA7C-23B2-4D44-B064-68230451A3FE}"
	ProjectSection(SolutionItems) = preProject
		README.md = README.md
	EndProjectSection
EndProject
Global
	GlobalSection(SolutionConfigurationPlatforms) = preSolution
		Debug|Any CPU = Debug|Any CPU
		Release|Any CPU = Release|Any CPU
	EndGlobalSection
	GlobalSection(ProjectConfigurationPlatforms) = postSolution
		{3E87C2C8-783C-4CF2-815F-4DB5FC3DFCB5}.Debug|Any CPU.ActiveCfg = Debug|Any CPU
		{3E87C2C8-783C-4CF2-815F-4DB5FC3DFCB5}.Debug|Any CPU.Build.0 = Debug|Any CPU
		{3E87C2C8-783C-4CF2-815F-4DB5FC3DFCB5}.Release|Any CPU.ActiveCfg = Release|Any CPU
		{3E87C2C8-783C-4CF2-815F-4DB5FC3DFCB5}.Release|Any CPU.Build.0 = Release|Any CPU
	EndGlobalSection
	GlobalSection(SolutionProperties) = preSolution
		HideSolutionNode = FALSE
	EndGlobalSection
	GlobalSection(ExtensibilityGlobals) = postSolution
		SolutionGuid = {6512B412-46DF-4393-844E-45FD04CC2524}
	EndGlobalSection
EndGlobal
